
Microsoft Visual Studio Solution File, Format Version 12.00
# Visual Studio Version 17
VisualStudioVersion = 17.0.31903.59
MinimumVisualStudioVersion = 10.0.40219.1
Project("{FAE04EC0-301F-11D3-BF4B-00C04F79EFBC}") = "PlaneTickets", "PlaneTickets\PlaneTickets.csproj", "{ED391BDF-9B2B-4572-8FF3-EF33DE43EB88}"
EndProject
Project("{FAE04EC0-301F-11D3-BF4B-00C04F79EFBC}") = "PlaneTickets.Contracts", "PlaneTickets.Contracts\PlaneTickets.Contracts.csproj", "{5323BA7E-03B9-47D3-8B1A-5BD8A29265E8}"
EndProject
Global
	GlobalSection(SolutionConfigurationPlatforms) = preSolution
		Debug|Any CPU = Debug|Any CPU
		Release|Any CPU = Release|Any CPU
	EndGlobalSection
	GlobalSection(SolutionProperties) = preSolution
		HideSolutionNode = FALSE
	EndGlobalSection
	GlobalSection(ProjectConfigurationPlatforms) = postSolution
		{ED391BDF-9B2B-4572-8FF3-EF33DE43EB88}.Debug|Any CPU.ActiveCfg = Debug|Any CPU
		{ED391BDF-9B2B-4572-8FF3-EF33DE43EB88}.Debug|Any CPU.Build.0 = Debug|Any CPU
		{ED391BDF-9B2B-4572-8FF3-EF33DE43EB88}.Release|Any CPU.ActiveCfg = Release|Any CPU
		{ED391BDF-9B2B-4572-8FF3-EF33DE43EB88}.Release|Any CPU.Build.0 = Release|Any CPU
		{5323BA7E-03B9-47D3-8B1A-5BD8A29265E8}.Debug|Any CPU.ActiveCfg = Debug|Any CPU
		{5323BA7E-03B9-47D3-8B1A-5BD8A29265E8}.Debug|Any CPU.Build.0 = Debug|Any CPU
		{5323BA7E-03B9-47D3-8B1A-5BD8A29265E8}.Release|Any CPU.ActiveCfg = Release|Any CPU
		{5323BA7E-03B9-47D3-8B1A-5BD8A29265E8}.Release|Any CPU.Build.0 = Release|Any CPU
	EndGlobalSection
EndGlobal
